
Microsoft Visual Studio Solution File, Format Version 12.00
# Visual Studio Version 16
VisualStudioVersion = 16.0.29613.14
MinimumVisualStudioVersion = 10.0.40219.1
Project("{FAE04EC0-301F-11D3-BF4B-00C04F79EFBC}") = "Weather-Tracker-2", "Weather-Tracker-2\Weather-Tracker-2.csproj", "{F00D105F-3057-4E77-AC65-1BDBFF75692B}"
EndProject
Global
	GlobalSection(SolutionConfigurationPlatforms) = preSolution
		Debug|Any CPU = Debug|Any CPU
		Release|Any CPU = Release|Any CPU
	EndGlobalSection
	GlobalSection(ProjectConfigurationPlatforms) = postSolution
		{F00D105F-3057-4E77-AC65-1BDBFF75692B}.Debug|Any CPU.ActiveCfg = Debug|Any CPU
		{F00D105F-3057-4E77-AC65-1BDBFF75692B}.Debug|Any CPU.Build.0 = Debug|Any CPU
		{F00D105F-3057-4E77-AC65-1BDBFF75692B}.Release|Any CPU.ActiveCfg = Release|Any CPU
		{F00D105F-3057-4E77-AC65-1BDBFF75692B}.Release|Any CPU.Build.0 = Release|Any CPU
	EndGlobalSection
	GlobalSection(SolutionProperties) = preSolution
		HideSolutionNode = FALSE
	EndGlobalSection
	GlobalSection(ExtensibilityGlobals) = postSolution
		SolutionGuid = {7DA83DEC-8801-41A9-B813-D82F598D582F}
	EndGlobalSection
EndGlobal
